// !$*UTF8*$!
{
	archiveVersion = 1;
	classes = {
	};
	objectVersion = 46;
	objects = {

/* Begin PBXBuildFile section */
		E11D8A731DB1D7AB00BB07A5 /* main.m in Sources */ = {isa = PBXBuildFile; fileRef = E11D8A721DB1D7AB00BB07A5 /* main.m */; };
		E11D8A761DB1D7AB00BB07A5 /* AppDelegate.m in Sources */ = {isa = PBXBuildFile; fileRef = E11D8A751DB1D7AB00BB07A5 /* AppDelegate.m */; };
		E11D8A7C1DB1D7AB00BB07A5 /* Main.storyboard in Resources */ = {isa = PBXBuildFile; fileRef = E11D8A7A1DB1D7AB00BB07A5 /* Main.storyboard */; };
		E11D8A7E1DB1D7AB00BB07A5 /* Assets.xcassets in Resources */ = {isa = PBXBuildFile; fileRef = E11D8A7D1DB1D7AB00BB07A5 /* Assets.xcassets */; };
		E11D8A811DB1D7AB00BB07A5 /* LaunchScreen.storyboard in Resources */ = {isa = PBXBuildFile; fileRef = E11D8A7F1DB1D7AB00BB07A5 /* LaunchScreen.storyboard */; };
		E11D8A8A1DB1D87000BB07A5 /* XYChoosePhotoViewController.m in Sources */ = {isa = PBXBuildFile; fileRef = E11D8A891DB1D87000BB07A5 /* XYChoosePhotoViewController.m */; };
		E11D8A8D1DB1D88300BB07A5 /* XYAddPhotoViewController.m in Sources */ = {isa = PBXBuildFile; fileRef = E11D8A8C1DB1D88300BB07A5 /* XYAddPhotoViewController.m */; };
/* End PBXBuildFile section */

/* Begin PBXFileReference section */
		E11D8A6E1DB1D7AB00BB07A5 /* XYImagePicker.app */ = {isa = PBXFileReference; explicitFileType = wrapper.application; includeInIndex = 0; path = XYImagePicker.app; sourceTree = BUILT_PRODUCTS_DIR; };
		E11D8A721DB1D7AB00BB07A5 /* main.m */ = {isa = PBXFileReference; lastKnownFileType = sourcecode.c.objc; path = main.m; sourceTree = "<group>"; };
		E11D8A741DB1D7AB00BB07A5 /* AppDelegate.h */ = {isa = PBXFileReference; lastKnownFileType = sourcecode.c.h; path = AppDelegate.h; sourceTree = "<group>"; };
		E11D8A751DB1D7AB00BB07A5 /* AppDelegate.m */ = {isa = PBXFileReference; lastKnownFileType = sourcecode.c.objc; path = AppDelegate.m; sourceTree = "<group>"; };
		E11D8A7B1DB1D7AB00BB07A5 /* Base */ = {isa = PBXFileReference; lastKnownFileType = file.storyboard; name = Base; path = Base.lproj/Main.storyboard; sourceTree = "<group>"; };
		E11D8A7D1DB1D7AB00BB07A5 /* Assets.xcassets */ = {isa = PBXFileReference; lastKnownFileType = folder.assetcatalog; path = Assets.xcassets; sourceTree = "<group>"; };
		E11D8A801DB1D7AB00BB07A5 /* Base */ = {isa = PBXFileReference; lastKnownFileType = file.storyboard; name = Base; path = Base.lproj/LaunchScreen.storyboard; sourceTree = "<group>"; };
		E11D8A821DB1D7AB00BB07A5 /* Info.plist */ = {isa = PBXFileReference; lastKnownFileType = text.plist.xml; path = Info.plist; sourceTree = "<group>"; };
		E11D8A881DB1D87000BB07A5 /* XYChoosePhotoViewController.h */ = {isa = PBXFileReference; fileEncoding = 4; lastKnownFileType = sourcecode.c.h; path = XYChoosePhotoViewController.h; sourceTree = "<group>"; };
		E11D8A891DB1D87000BB07A5 /* XYChoosePhotoViewController.m */ = {isa = PBXFileReference; fileEncoding = 4; lastKnownFileType = sourcecode.c.objc; path = XYChoosePhotoViewController.m; sourceTree = "<group>"; };
		E11D8A8B1DB1D88300BB07A5 /* XYAddPhotoViewController.h */ = {isa = PBXFileReference; fileEncoding = 4; lastKnownFileType = sourcecode.c.h; path = XYAddPhotoViewController.h; sourceTree = "<group>"; };
		E11D8A8C1DB1D88300BB07A5 /* XYAddPhotoViewController.m */ = {isa = PBXFileReference; fileEncoding = 4; lastKnownFileType = sourcecode.c.objc; path = XYAddPhotoViewController.m; sourceTree = "<group>"; };
/* End PBXFileReference section */

/* Begin PBXFrameworksBuildPhase section */
		E11D8A6B1DB1D7AB00BB07A5 /* Frameworks */ = {
			isa = PBXFrameworksBuildPhase;
			buildActionMask = 2147483647;
			files = (
			);
			runOnlyForDeploymentPostprocessing = 0;
		};
/* End PBXFrameworksBuildPhase section */

/* Begin PBXGroup section */
		E11D8A651DB1D7AB00BB07A5 = {
			isa = PBXGroup;
			children = (
				E11D8A701DB1D7AB00BB07A5 /* XYImagePicker */,
				E11D8A6F1DB1D7AB00BB07A5 /* Products */,
			);
			sourceTree = "<group>";
		};
		E11D8A6F1DB1D7AB00BB07A5 /* Products */ = {
			isa = PBXGroup;
			children = (
				E11D8A6E1DB1D7AB00BB07A5 /* XYImagePicker.app */,
			);
			name = Products;
			sourceTree = "<group>";
		};
		E11D8A701DB1D7AB00BB07A5 /* XYImagePicker */ = {
			isa = PBXGroup;
			children = (
				E11D8A741DB1D7AB00BB07A5 /* AppDelegate.h */,
				E11D8A751DB1D7AB00BB07A5 /* AppDelegate.m */,
				E11D8A7A1DB1D7AB00BB07A5 /* Main.storyboard */,
				E11D8A881DB1D87000BB07A5 /* XYChoosePhotoViewController.h */,
				E11D8A891DB1D87000BB07A5 /* XYChoosePhotoViewController.m */,
				E11D8A8B1DB1D88300BB07A5 /* XYAddPhotoViewController.h */,
				E11D8A8C1DB1D88300BB07A5 /* XYAddPhotoViewController.m */,
				E11D8A7D1DB1D7AB00BB07A5 /* Assets.xcassets */,
				E11D8A7F1DB1D7AB00BB07A5 /* LaunchScreen.storyboard */,
				E11D8A821DB1D7AB00BB07A5 /* Info.plist */,
				E11D8A711DB1D7AB00BB07A5 /* Supporting Files */,
			);
			path = XYImagePicker;
			sourceTree = "<group>";
		};
		E11D8A711DB1D7AB00BB07A5 /* Supporting Files */ = {
			isa = PBXGroup;
			children = (
				E11D8A721DB1D7AB00BB07A5 /* main.m */,
			);
			name = "Supporting Files";
			sourceTree = "<group>";
		};
/* End PBXGroup section */

/* Begin PBXNativeTarget section */
		E11D8A6D1DB1D7AB00BB07A5 /* XYImagePicker */ = {
			isa = PBXNativeTarget;
			buildConfigurationList = E11D8A851DB1D7AB00BB07A5 /* Build configuration list for PBXNativeTarget "XYImagePicker" */;
			buildPhases = (
				E11D8A6A1DB1D7AB00BB07A5 /* Sources */,
				E11D8A6B1DB1D7AB00BB07A5 /* Frameworks */,
				E11D8A6C1DB1D7AB00BB07A5 /* Resources */,
			);
			buildRules = (
			);
			dependencies = (
			);
			name = XYImagePicker;
			productName = XYImagePicker;
			productReference = E11D8A6E1DB1D7AB00BB07A5 /* XYImagePicker.app */;
			productType = "com.apple.product-type.application";
		};
/* End PBXNativeTarget section */

/* Begin PBXProject section */
		E11D8A661DB1D7AB00BB07A5 /* Project object */ = {
			isa = PBXProject;
			attributes = {
				LastUpgradeCheck = 0800;
				ORGANIZATIONNAME = "Slobodan Kovrlija";
				TargetAttributes = {
					E11D8A6D1DB1D7AB00BB07A5 = {
						CreatedOnToolsVersion = 8.0;
						DevelopmentTeam = KD8SM9G8RG;
						ProvisioningStyle = Automatic;
					};
				};
			};
			buildConfigurationList = E11D8A691DB1D7AB00BB07A5 /* Build configuration list for PBXProject "XYImagePicker" */;
			compatibilityVersion = "Xcode 3.2";
			developmentRegion = English;
			hasScannedForEncodings = 0;
			knownRegions = (
				en,
				Base,
			);
			mainGroup = E11D8A651DB1D7AB00BB07A5;
			productRefGroup = E11D8A6F1DB1D7AB00BB07A5 /* Products */;
			projectDirPath = "";
			projectRoot = "";
			targets = (
				E11D8A6D1DB1D7AB00BB07A5 /* XYImagePicker */,
			);
		};
/* End PBXProject section */

/* Begin PBXResourcesBuildPhase section */
		E11D8A6C1DB1D7AB00BB07A5 /* Resources */ = {
			isa = PBXResourcesBuildPhase;
			buildActionMask = 2147483647;
			files = (
				E11D8A811DB1D7AB00BB07A5 /* LaunchScreen.storyboard in Resources */,
				E11D8A7E1DB1D7AB00BB07A5 /* Assets.xcassets in Resources */,
				E11D8A7C1DB1D7AB00BB07A5 /* Main.storyboard in Resources */,
			);
			runOnlyForDeploymentPostprocessing = 0;
		};
/* End PBXResourcesBuildPhase section */

/* Begin PBXSourcesBuildPhase section */
		E11D8A6A1DB1D7AB00BB07A5 /* Sources */ = {
			isa = PBXSourcesBuildPhase;
			buildActionMask = 2147483647;
			files = (
				E11D8A761DB1D7AB00BB07A5 /* AppDelegate.m in Sources */,
				E11D8A731DB1D7AB00BB07A5 /* main.m in Sources */,
				E11D8A8A1DB1D87000BB07A5 /* XYChoosePhotoViewController.m in Sources */,
				E11D8A8D1DB1D88300BB07A5 /* XYAddPhotoViewController.m in Sources */,
			);
			runOnlyForDeploymentPostprocessing = 0;
		};
/* End PBXSourcesBuildPhase section */

/* Begin PBXVariantGroup section */
		E11D8A7A1DB1D7AB00BB07A5 /* Main.storyboard */ = {
			isa = PBXVariantGroup;
			children = (
				E11D8A7B1DB1D7AB00BB07A5 /* Base */,
			);
			name = Main.storyboard;
			sourceTree = "<group>";
		};
		E11D8A7F1DB1D7AB00BB07A5 /* LaunchScreen.storyboard */ = {
			isa = PBXVariantGroup;
			children = (
				E11D8A801DB1D7AB00BB07A5 /* Base */,
			);
			name = LaunchScreen.storyboard;
			sourceTree = "<group>";
		};
/* End PBXVariantGroup section */

/* Begin XCBuildConfiguration section */
		E11D8A831DB1D7AB00BB07A5 /* Debug */ = {
			isa = XCBuildConfiguration;
			buildSettings = {
				ALWAYS_SEARCH_USER_PATHS = NO;
				CLANG_ANALYZER_NONNULL = YES;
				CLANG_CXX_LANGUAGE_STANDARD = "gnu++0x";
				CLANG_CXX_LIBRARY = "libc++";
				CLANG_ENABLE_MODULES = YES;
				CLANG_ENABLE_OBJC_ARC = YES;
				CLANG_WARN_BOOL_CONVERSION = YES;
				CLANG_WARN_CONSTANT_CONVERSION = YES;
				CLANG_WARN_DIRECT_OBJC_ISA_USAGE = YES_ERROR;
				CLANG_WARN_DOCUMENTATION_COMMENTS = YES;
				CLANG_WARN_EMPTY_BODY = YES;
				CLANG_WARN_ENUM_CONVERSION = YES;
				CLANG_WARN_INFINITE_RECURSION = YES;
				CLANG_WARN_INT_CONVERSION = YES;
				CLANG_WARN_OBJC_ROOT_CLASS = YES_ERROR;
				CLANG_WARN_SUSPICIOUS_MOVES = YES;
				CLANG_WARN_UNREACHABLE_CODE = YES;
				CLANG_WARN__DUPLICATE_METHOD_MATCH = YES;
				"CODE_SIGN_IDENTITY[sdk=iphoneos*]" = "iPhone Developer";
				COPY_PHASE_STRIP = NO;
				DEBUG_INFORMATION_FORMAT = dwarf;
				ENABLE_STRICT_OBJC_MSGSEND = YES;
				ENABLE_TESTABILITY = YES;
				GCC_C_LANGUAGE_STANDARD = gnu99;
				GCC_DYNAMIC_NO_PIC = NO;
				GCC_NO_COMMON_BLOCKS = YES;
				GCC_OPTIMIZATION_LEVEL = 0;
				GCC_PREPROCESSOR_DEFINITIONS = (
					"DEBUG=1",
					"$(inherited)",
				);
				GCC_WARN_64_TO_32_BIT_CONVERSION = YES;
				GCC_WARN_ABOUT_RETURN_TYPE = YES_ERROR;
				GCC_WARN_UNDECLARED_SELECTOR = YES;
				GCC_WARN_UNINITIALIZED_AUTOS = YES_AGGRESSIVE;
				GCC_WARN_UNUSED_FUNCTION = YES;
				GCC_WARN_UNUSED_VARIABLE = YES;
				IPHONEOS_DEPLOYMENT_TARGET = 10.0;
				MTL_ENABLE_DEBUG_INFO = YES;
				ONLY_ACTIVE_ARCH = YES;
				SDKROOT = iphoneos;
				TARGETED_DEVICE_FAMILY = "1,2";
			};
			name = Debug;
		};
		E11D8A841DB1D7AB00BB07A5 /* Release */ = {
			isa = XCBuildConfiguration;
			buildSettings = {
				ALWAYS_SEARCH_USER_PATHS = NO;
				CLANG_ANALYZER_NONNULL = YES;
				CLANG_CXX_LANGUAGE_STANDARD = "gnu++0x";
				CLANG_CXX_LIBRARY = "libc++";
				CLANG_ENABLE_MODULES = YES;
				CLANG_ENABLE_OBJC_ARC = YES;
				CLANG_WARN_BOOL_CONVERSION = YES;
				CLANG_WARN_CONSTANT_CONVERSION = YES;
				CLANG_WARN_DIRECT_OBJC_ISA_USAGE = YES_ERROR;
				CLANG_WARN_DOCUMENTATION_COMMENTS = YES;
				CLANG_WARN_EMPTY_BODY = YES;
				CLANG_WARN_ENUM_CONVERSION = YES;
				CLANG_WARN_INFINITE_RECURSION = YES;
				CLANG_WARN_INT_CONVERSION = YES;
				CLANG_WARN_OBJC_ROOT_CLASS = YES_ERROR;
				CLANG_WARN_SUSPICIOUS_MOVES = YES;
				CLANG_WARN_UNREACHABLE_CODE = YES;
				CLANG_WARN__DUPLICATE_METHOD_MATCH = YES;
				"CODE_SIGN_IDENTITY[sdk=iphoneos*]" = "iPhone Developer";
				COPY_PHASE_STRIP = NO;
				DEBUG_INFORMATION_FORMAT = "dwarf-with-dsym";
				ENABLE_NS_ASSERTIONS = NO;
				ENABLE_STRICT_OBJC_MSGSEND = YES;
				GCC_C_LANGUAGE_STANDARD = gnu99;
				GCC_NO_COMMON_BLOCKS = YES;
				GCC_WARN_64_TO_32_BIT_CONVERSION = YES;
				GCC_WARN_ABOUT_RETURN_TYPE = YES_ERROR;
				GCC_WARN_UNDECLARED_SELECTOR = YES;
				GCC_WARN_UNINITIALIZED_AUTOS = YES_AGGRESSIVE;
				GCC_WARN_UNUSED_FUNCTION = YES;
				GCC_WARN_UNUSED_VARIABLE = YES;
				IPHONEOS_DEPLOYMENT_TARGET = 10.0;
				MTL_ENABLE_DEBUG_INFO = NO;
				SDKROOT = iphoneos;
				TARGETED_DEVICE_FAMILY = "1,2";
				VALIDATE_PRODUCT = YES;
			};
			name = Release;
		};
		E11D8A861DB1D7AB00BB07A5 /* Debug */ = {
			isa = XCBuildConfiguration;
			buildSettings = {
				ASSETCATALOG_COMPILER_APPICON_NAME = AppIcon;
				DEVELOPMENT_TEAM = KD8SM9G8RG;
				INFOPLIST_FILE = XYImagePicker/Info.plist;
				LD_RUNPATH_SEARCH_PATHS = "$(inherited) @executable_path/Frameworks";
				PRODUCT_BUNDLE_IDENTIFIER = com.slobodan.XYImagePicker;
				PRODUCT_NAME = "$(TARGET_NAME)";
			};
			name = Debug;
		};
		E11D8A871DB1D7AB00BB07A5 /* Release */ = {
			isa = XCBuildConfiguration;
			buildSettings = {
				ASSETCATALOG_COMPILER_APPICON_NAME = AppIcon;
				DEVELOPMENT_TEAM = KD8SM9G8RG;
				INFOPLIST_FILE = XYImagePicker/Info.plist;
				LD_RUNPATH_SEARCH_PATHS = "$(inherited) @executable_path/Frameworks";
				PRODUCT_BUNDLE_IDENTIFIER = com.slobodan.XYImagePicker;
				PRODUCT_NAME = "$(TARGET_NAME)";
			};
			name = Release;
		};
/* End XCBuildConfiguration section */

/* Begin XCConfigurationList section */
		E11D8A691DB1D7AB00BB07A5 /* Build configuration list for PBXProject "XYImagePicker" */ = {
			isa = XCConfigurationList;
			buildConfigurations = (
				E11D8A831DB1D7AB00BB07A5 /* Debug */,
				E11D8A841DB1D7AB00BB07A5 /* Release */,
			);
			defaultConfigurationIsVisible = 0;
			defaultConfigurationName = Release;
		};
		E11D8A851DB1D7AB00BB07A5 /* Build configuration list for PBXNativeTarget "XYImagePicker" */ = {
			isa = XCConfigurationList;
			buildConfigurations = (
				E11D8A861DB1D7AB00BB07A5 /* Debug */,
				E11D8A871DB1D7AB00BB07A5 /* Release */,
			);
			defaultConfigurationIsVisible = 0;
		};
/* End XCConfigurationList section */
	};
	rootObject = E11D8A661DB1D7AB00BB07A5 /* Project object */;
}
